
Microsoft Visual Studio Solution File, Format Version 12.00
# Visual Studio Version 17
VisualStudioVersion = 17.11.35327.3
MinimumVisualStudioVersion = 10.0.40219.1
Project("{FAE04EC0-301F-11D3-BF4B-00C04F79EFBC}") = "LinQ.Console", "LinQ.Console\LinQ.Console.csproj", "{600A55D7-DDF4-45CD-898B-5851290643D1}"
EndProject
Global
	GlobalSection(SolutionConfigurationPlatforms) = preSolution
		Debug|Any CPU = Debug|Any CPU
		Release|Any CPU = Release|Any CPU
	EndGlobalSection
	GlobalSection(ProjectConfigurationPlatforms) = postSolution
		{600A55D7-DDF4-45CD-898B-5851290643D1}.Debug|Any CPU.ActiveCfg = Debug|Any CPU
		{600A55D7-DDF4-45CD-898B-5851290643D1}.Debug|Any CPU.Build.0 = Debug|Any CPU
		{600A55D7-DDF4-45CD-898B-5851290643D1}.Release|Any CPU.ActiveCfg = Release|Any CPU
		{600A55D7-DDF4-45CD-898B-5851290643D1}.Release|Any CPU.Build.0 = Release|Any CPU
	EndGlobalSection
	GlobalSection(SolutionProperties) = preSolution
		HideSolutionNode = FALSE
	EndGlobalSection
	GlobalSection(ExtensibilityGlobals) = postSolution
		SolutionGuid = {213EAF84-F3EC-4724-82CE-90015C4909AE}
	EndGlobalSection
EndGlobal
